// !$*UTF8*$!
{
	archiveVersion = 1;
	classes = {
	};
	objectVersion = 55;
	objects = {

/* Begin PBXBuildFile section */
		092ACB6228AE71D9003E748E /* ShinkansenSpeedAppApp.swift in Sources */ = {isa = PBXBuildFile; fileRef = 092ACB6128AE71D9003E748E /* ShinkansenSpeedAppApp.swift */; };
		092ACB6428AE71D9003E748E /* HomeView.swift in Sources */ = {isa = PBXBuildFile; fileRef = 092ACB6328AE71D9003E748E /* HomeView.swift */; };
		092ACB6628AE71DA003E748E /* Assets.xcassets in Resources */ = {isa = PBXBuildFile; fileRef = 092ACB6528AE71DA003E748E /* Assets.xcassets */; };
		092ACB6928AE71DA003E748E /* Preview Assets.xcassets in Resources */ = {isa = PBXBuildFile; fileRef = 092ACB6828AE71DA003E748E /* Preview Assets.xcassets */; };
		092ACB7628AF1FFC003E748E /* CoreLocation.framework in Frameworks */ = {isa = PBXBuildFile; fileRef = 092ACB7528AF1FFC003E748E /* CoreLocation.framework */; };
		092ACB7928AFAA3E003E748E /* LocationManager.swift in Sources */ = {isa = PBXBuildFile; fileRef = 092ACB7828AFAA3E003E748E /* LocationManager.swift */; };
		0986A8AF297AA4FA00E36311 /* SoundManager.swift in Sources */ = {isa = PBXBuildFile; fileRef = 0986A8AE297AA4FA00E36311 /* SoundManager.swift */; };
		09C6251829BDCC3800600CB0 /* FontExtension.swift in Sources */ = {isa = PBXBuildFile; fileRef = 09C6251729BDCC3800600CB0 /* FontExtension.swift */; };
/* End PBXBuildFile section */

/* Begin PBXFileReference section */
		092ACB5E28AE71D9003E748E /* ShinkansenSpeedApp.app */ = {isa = PBXFileReference; explicitFileType = wrapper.application; includeInIndex = 0; path = ShinkansenSpeedApp.app; sourceTree = BUILT_PRODUCTS_DIR; };
		092ACB6128AE71D9003E748E /* ShinkansenSpeedAppApp.swift */ = {isa = PBXFileReference; lastKnownFileType = sourcecode.swift; path = ShinkansenSpeedAppApp.swift; sourceTree = "<group>"; };
		092ACB6328AE71D9003E748E /* HomeView.swift */ = {isa = PBXFileReference; lastKnownFileType = sourcecode.swift; path = HomeView.swift; sourceTree = "<group>"; };
		092ACB6528AE71DA003E748E /* Assets.xcassets */ = {isa = PBXFileReference; lastKnownFileType = folder.assetcatalog; path = Assets.xcassets; sourceTree = "<group>"; };
		092ACB6828AE71DA003E748E /* Preview Assets.xcassets */ = {isa = PBXFileReference; lastKnownFileType = folder.assetcatalog; path = "Preview Assets.xcassets"; sourceTree = "<group>"; };
		092ACB7528AF1FFC003E748E /* CoreLocation.framework */ = {isa = PBXFileReference; lastKnownFileType = wrapper.framework; name = CoreLocation.framework; path = System/Library/Frameworks/CoreLocation.framework; sourceTree = SDKROOT; };
		092ACB7728AF8740003E748E /* Info.plist */ = {isa = PBXFileReference; lastKnownFileType = text.plist; path = Info.plist; sourceTree = "<group>"; };
		092ACB7828AFAA3E003E748E /* LocationManager.swift */ = {isa = PBXFileReference; lastKnownFileType = sourcecode.swift; path = LocationManager.swift; sourceTree = "<group>"; };
		0986A8AE297AA4FA00E36311 /* SoundManager.swift */ = {isa = PBXFileReference; lastKnownFileType = sourcecode.swift; path = SoundManager.swift; sourceTree = "<group>"; };
		09C6251729BDCC3800600CB0 /* FontExtension.swift */ = {isa = PBXFileReference; lastKnownFileType = sourcecode.swift; path = FontExtension.swift; sourceTree = "<group>"; };
/* End PBXFileReference section */

/* Begin PBXFrameworksBuildPhase section */
		092ACB5B28AE71D9003E748E /* Frameworks */ = {
			isa = PBXFrameworksBuildPhase;
			buildActionMask = 2147483647;
			files = (
				092ACB7628AF1FFC003E748E /* CoreLocation.framework in Frameworks */,
			);
			runOnlyForDeploymentPostprocessing = 0;
		};
/* End PBXFrameworksBuildPhase section */

/* Begin PBXGroup section */
		092ACB5528AE71D9003E748E = {
			isa = PBXGroup;
			children = (
				092ACB6028AE71D9003E748E /* ShinkansenSpeedApp */,
			);
			sourceTree = "<group>";
		};
		092ACB5F28AE71D9003E748E /* Products */ = {
			isa = PBXGroup;
			children = (
				092ACB5E28AE71D9003E748E /* ShinkansenSpeedApp.app */,
			);
			name = Products;
			path = ../..;
			sourceTree = "<group>";
		};
		092ACB6028AE71D9003E748E /* ShinkansenSpeedApp */ = {
			isa = PBXGroup;
			children = (
				092ACB7028AF1893003E748E /* Resource */,
				092ACB6F28AF1887003E748E /* Source */,
				092ACB7728AF8740003E748E /* Info.plist */,
			);
			path = ShinkansenSpeedApp;
			sourceTree = "<group>";
		};
		092ACB6728AE71DA003E748E /* Preview Content */ = {
			isa = PBXGroup;
			children = (
				092ACB6828AE71DA003E748E /* Preview Assets.xcassets */,
			);
			path = "Preview Content";
			sourceTree = "<group>";
		};
		092ACB6F28AF1887003E748E /* Source */ = {
			isa = PBXGroup;
			children = (
				092ACB6728AE71DA003E748E /* Preview Content */,
				092ACB5F28AE71D9003E748E /* Products */,
				092ACB7428AF1FFC003E748E /* Frameworks */,
				0986A8AD297AA4E300E36311 /* Manager */,
				09C6251629BDCC1C00600CB0 /* Extensions */,
				092ACB7328AF1A89003E748E /* Storyboard */,
				092ACB7228AF1A82003E748E /* View */,
				092ACB7128AF1A7B003E748E /* App */,
			);
			path = Source;
			sourceTree = "<group>";
		};
		092ACB7028AF1893003E748E /* Resource */ = {
			isa = PBXGroup;
			children = (
				092ACB6528AE71DA003E748E /* Assets.xcassets */,
			);
			path = Resource;
			sourceTree = "<group>";
		};
		092ACB7128AF1A7B003E748E /* App */ = {
			isa = PBXGroup;
			children = (
				092ACB6128AE71D9003E748E /* ShinkansenSpeedAppApp.swift */,
			);
			path = App;
			sourceTree = "<group>";
		};
		092ACB7228AF1A82003E748E /* View */ = {
			isa = PBXGroup;
			children = (
				092ACB6328AE71D9003E748E /* HomeView.swift */,
			);
			path = View;
			sourceTree = "<group>";
		};
		092ACB7328AF1A89003E748E /* Storyboard */ = {
			isa = PBXGroup;
			children = (
			);
			path = Storyboard;
			sourceTree = "<group>";
		};
		092ACB7428AF1FFC003E748E /* Frameworks */ = {
			isa = PBXGroup;
			children = (
				092ACB7528AF1FFC003E748E /* CoreLocation.framework */,
			);
			name = Frameworks;
			path = ../..;
			sourceTree = "<group>";
		};
		0986A8AD297AA4E300E36311 /* Manager */ = {
			isa = PBXGroup;
			children = (
				0986A8AE297AA4FA00E36311 /* SoundManager.swift */,
				092ACB7828AFAA3E003E748E /* LocationManager.swift */,
			);
			path = Manager;
			sourceTree = "<group>";
		};
		09C6251629BDCC1C00600CB0 /* Extensions */ = {
			isa = PBXGroup;
			children = (
				09C6251729BDCC3800600CB0 /* FontExtension.swift */,
			);
			path = Extensions;
			sourceTree = "<group>";
		};
/* End PBXGroup section */

/* Begin PBXNativeTarget section */
		092ACB5D28AE71D9003E748E /* ShinkansenSpeedApp */ = {
			isa = PBXNativeTarget;
			buildConfigurationList = 092ACB6C28AE71DA003E748E /* Build configuration list for PBXNativeTarget "ShinkansenSpeedApp" */;
			buildPhases = (
				092ACB5A28AE71D9003E748E /* Sources */,
				092ACB5B28AE71D9003E748E /* Frameworks */,
				092ACB5C28AE71D9003E748E /* Resources */,
			);
			buildRules = (
			);
			dependencies = (
			);
			name = ShinkansenSpeedApp;
			productName = ShinkansenSpeedApp;
			productReference = 092ACB5E28AE71D9003E748E /* ShinkansenSpeedApp.app */;
			productType = "com.apple.product-type.application";
		};
/* End PBXNativeTarget section */

/* Begin PBXProject section */
		092ACB5628AE71D9003E748E /* Project object */ = {
			isa = PBXProject;
			attributes = {
				BuildIndependentTargetsInParallel = 1;
				LastSwiftUpdateCheck = 1340;
				LastUpgradeCheck = 1340;
				TargetAttributes = {
					092ACB5D28AE71D9003E748E = {
						CreatedOnToolsVersion = 13.4.1;
					};
				};
			};
			buildConfigurationList = 092ACB5928AE71D9003E748E /* Build configuration list for PBXProject "ShinkansenSpeedApp" */;
			compatibilityVersion = "Xcode 13.0";
			developmentRegion = en;
			hasScannedForEncodings = 0;
			knownRegions = (
				en,
				Base,
			);
			mainGroup = 092ACB5528AE71D9003E748E;
			productRefGroup = 092ACB5F28AE71D9003E748E /* Products */;
			projectDirPath = "";
			projectRoot = "";
			targets = (
				092ACB5D28AE71D9003E748E /* ShinkansenSpeedApp */,
			);
		};
/* End PBXProject section */

/* Begin PBXResourcesBuildPhase section */
		092ACB5C28AE71D9003E748E /* Resources */ = {
			isa = PBXResourcesBuildPhase;
			buildActionMask = 2147483647;
			files = (
				092ACB6928AE71DA003E748E /* Preview Assets.xcassets in Resources */,
				092ACB6628AE71DA003E748E /* Assets.xcassets in Resources */,
			);
			runOnlyForDeploymentPostprocessing = 0;
		};
/* End PBXResourcesBuildPhase section */

/* Begin PBXSourcesBuildPhase section */
		092ACB5A28AE71D9003E748E /* Sources */ = {
			isa = PBXSourcesBuildPhase;
			buildActionMask = 2147483647;
			files = (
				09C6251829BDCC3800600CB0 /* FontExtension.swift in Sources */,
				092ACB6428AE71D9003E748E /* HomeView.swift in Sources */,
				0986A8AF297AA4FA00E36311 /* SoundManager.swift in Sources */,
				092ACB6228AE71D9003E748E /* ShinkansenSpeedAppApp.swift in Sources */,
				092ACB7928AFAA3E003E748E /* LocationManager.swift in Sources */,
			);
			runOnlyForDeploymentPostprocessing = 0;
		};
/* End PBXSourcesBuildPhase section */

/* Begin XCBuildConfiguration section */
		092ACB6A28AE71DA003E748E /* Debug */ = {
			isa = XCBuildConfiguration;
			buildSettings = {
				ALWAYS_SEARCH_USER_PATHS = NO;
				CLANG_ANALYZER_NONNULL = YES;
				CLANG_ANALYZER_NUMBER_OBJECT_CONVERSION = YES_AGGRESSIVE;
				CLANG_CXX_LANGUAGE_STANDARD = "gnu++17";
				CLANG_ENABLE_MODULES = YES;
				CLANG_ENABLE_OBJC_ARC = YES;
				CLANG_ENABLE_OBJC_WEAK = YES;
				CLANG_WARN_BLOCK_CAPTURE_AUTORELEASING = YES;
				CLANG_WARN_BOOL_CONVERSION = YES;
				CLANG_WARN_COMMA = YES;
				CLANG_WARN_CONSTANT_CONVERSION = YES;
				CLANG_WARN_DEPRECATED_OBJC_IMPLEMENTATIONS = YES;
				CLANG_WARN_DIRECT_OBJC_ISA_USAGE = YES_ERROR;
				CLANG_WARN_DOCUMENTATION_COMMENTS = YES;
				CLANG_WARN_EMPTY_BODY = YES;
				CLANG_WARN_ENUM_CONVERSION = YES;
				CLANG_WARN_INFINITE_RECURSION = YES;
				CLANG_WARN_INT_CONVERSION = YES;
				CLANG_WARN_NON_LITERAL_NULL_CONVERSION = YES;
				CLANG_WARN_OBJC_IMPLICIT_RETAIN_SELF = YES;
				CLANG_WARN_OBJC_LITERAL_CONVERSION = YES;
				CLANG_WARN_OBJC_ROOT_CLASS = YES_ERROR;
				CLANG_WARN_QUOTED_INCLUDE_IN_FRAMEWORK_HEADER = YES;
				CLANG_WARN_RANGE_LOOP_ANALYSIS = YES;
				CLANG_WARN_STRICT_PROTOTYPES = YES;
				CLANG_WARN_SUSPICIOUS_MOVE = YES;
				CLANG_WARN_UNGUARDED_AVAILABILITY = YES_AGGRESSIVE;
				CLANG_WARN_UNREACHABLE_CODE = YES;
				CLANG_WARN__DUPLICATE_METHOD_MATCH = YES;
				COPY_PHASE_STRIP = NO;
				DEBUG_INFORMATION_FORMAT = dwarf;
				ENABLE_STRICT_OBJC_MSGSEND = YES;
				ENABLE_TESTABILITY = YES;
				GCC_C_LANGUAGE_STANDARD = gnu11;
				GCC_DYNAMIC_NO_PIC = NO;
				GCC_NO_COMMON_BLOCKS = YES;
				GCC_OPTIMIZATION_LEVEL = 0;
				GCC_PREPROCESSOR_DEFINITIONS = (
					"DEBUG=1",
					"$(inherited)",
				);
				GCC_WARN_64_TO_32_BIT_CONVERSION = YES;
				GCC_WARN_ABOUT_RETURN_TYPE = YES_ERROR;
				GCC_WARN_UNDECLARED_SELECTOR = YES;
				GCC_WARN_UNINITIALIZED_AUTOS = YES_AGGRESSIVE;
				GCC_WARN_UNUSED_FUNCTION = YES;
				GCC_WARN_UNUSED_VARIABLE = YES;
				IPHONEOS_DEPLOYMENT_TARGET = 15.5;
				MTL_ENABLE_DEBUG_INFO = INCLUDE_SOURCE;
				MTL_FAST_MATH = YES;
				ONLY_ACTIVE_ARCH = YES;
				SDKROOT = iphoneos;
				SWIFT_ACTIVE_COMPILATION_CONDITIONS = DEBUG;
				SWIFT_OPTIMIZATION_LEVEL = "-Onone";
			};
			name = Debug;
		};
		092ACB6B28AE71DA003E748E /* Release */ = {
			isa = XCBuildConfiguration;
			buildSettings = {
				ALWAYS_SEARCH_USER_PATHS = NO;
				CLANG_ANALYZER_NONNULL = YES;
				CLANG_ANALYZER_NUMBER_OBJECT_CONVERSION = YES_AGGRESSIVE;
				CLANG_CXX_LANGUAGE_STANDARD = "gnu++17";
				CLANG_ENABLE_MODULES = YES;
				CLANG_ENABLE_OBJC_ARC = YES;
				CLANG_ENABLE_OBJC_WEAK = YES;
				CLANG_WARN_BLOCK_CAPTURE_AUTORELEASING = YES;
				CLANG_WARN_BOOL_CONVERSION = YES;
				CLANG_WARN_COMMA = YES;
				CLANG_WARN_CONSTANT_CONVERSION = YES;
				CLANG_WARN_DEPRECATED_OBJC_IMPLEMENTATIONS = YES;
				CLANG_WARN_DIRECT_OBJC_ISA_USAGE = YES_ERROR;
				CLANG_WARN_DOCUMENTATION_COMMENTS = YES;
				CLANG_WARN_EMPTY_BODY = YES;
				CLANG_WARN_ENUM_CONVERSION = YES;
				CLANG_WARN_INFINITE_RECURSION = YES;
				CLANG_WARN_INT_CONVERSION = YES;
				CLANG_WARN_NON_LITERAL_NULL_CONVERSION = YES;
				CLANG_WARN_OBJC_IMPLICIT_RETAIN_SELF = YES;
				CLANG_WARN_OBJC_LITERAL_CONVERSION = YES;
				CLANG_WARN_OBJC_ROOT_CLASS = YES_ERROR;
				CLANG_WARN_QUOTED_INCLUDE_IN_FRAMEWORK_HEADER = YES;
				CLANG_WARN_RANGE_LOOP_ANALYSIS = YES;
				CLANG_WARN_STRICT_PROTOTYPES = YES;
				CLANG_WARN_SUSPICIOUS_MOVE = YES;
				CLANG_WARN_UNGUARDED_AVAILABILITY = YES_AGGRESSIVE;
				CLANG_WARN_UNREACHABLE_CODE = YES;
				CLANG_WARN__DUPLICATE_METHOD_MATCH = YES;
				COPY_PHASE_STRIP = NO;
				DEBUG_INFORMATION_FORMAT = "dwarf-with-dsym";
				ENABLE_NS_ASSERTIONS = NO;
				ENABLE_STRICT_OBJC_MSGSEND = YES;
				GCC_C_LANGUAGE_STANDARD = gnu11;
				GCC_NO_COMMON_BLOCKS = YES;
				GCC_WARN_64_TO_32_BIT_CONVERSION = YES;
				GCC_WARN_ABOUT_RETURN_TYPE = YES_ERROR;
				GCC_WARN_UNDECLARED_SELECTOR = YES;
				GCC_WARN_UNINITIALIZED_AUTOS = YES_AGGRESSIVE;
				GCC_WARN_UNUSED_FUNCTION = YES;
				GCC_WARN_UNUSED_VARIABLE = YES;
				IPHONEOS_DEPLOYMENT_TARGET = 15.5;
				MTL_ENABLE_DEBUG_INFO = NO;
				MTL_FAST_MATH = YES;
				SDKROOT = iphoneos;
				SWIFT_COMPILATION_MODE = wholemodule;
				SWIFT_OPTIMIZATION_LEVEL = "-O";
				VALIDATE_PRODUCT = YES;
			};
			name = Release;
		};
		092ACB6D28AE71DA003E748E /* Debug */ = {
			isa = XCBuildConfiguration;
			buildSettings = {
				ASSETCATALOG_COMPILER_APPICON_NAME = AppIcon;
				ASSETCATALOG_COMPILER_GLOBAL_ACCENT_COLOR_NAME = AccentColor;
				CODE_SIGN_STYLE = Automatic;
				CURRENT_PROJECT_VERSION = 1;
				DEVELOPMENT_ASSET_PATHS = "\"ShinkansenSpeedApp/Source/Preview Content\"";
				DEVELOPMENT_TEAM = J8NG2572RV;
				ENABLE_PREVIEWS = YES;
				GENERATE_INFOPLIST_FILE = YES;
				INFOPLIST_FILE = ShinkansenSpeedApp/Info.plist;
				INFOPLIST_KEY_NSLocationAlwaysAndWhenInUseUsageDescription = location;
				INFOPLIST_KEY_NSLocationWhenInUseUsageDescription = "";
				INFOPLIST_KEY_UIApplicationSceneManifest_Generation = YES;
				INFOPLIST_KEY_UIApplicationSupportsIndirectInputEvents = YES;
				INFOPLIST_KEY_UILaunchScreen_Generation = YES;
				INFOPLIST_KEY_UISupportedInterfaceOrientations_iPad = "UIInterfaceOrientationPortrait UIInterfaceOrientationPortraitUpsideDown UIInterfaceOrientationLandscapeLeft UIInterfaceOrientationLandscapeRight";
				INFOPLIST_KEY_UISupportedInterfaceOrientations_iPhone = "UIInterfaceOrientationPortrait UIInterfaceOrientationLandscapeLeft UIInterfaceOrientationLandscapeRight";
				INFOPLIST_KEY_UIUserInterfaceStyle = Light;
				LD_RUNPATH_SEARCH_PATHS = (
					"$(inherited)",
					"@executable_path/Frameworks",
				);
				MARKETING_VERSION = 1.0;
				PRODUCT_BUNDLE_IDENTIFIER = com.yuutarou.ShinkansenSpeedApp;
				PRODUCT_NAME = "$(TARGET_NAME)";
				SWIFT_EMIT_LOC_STRINGS = YES;
				SWIFT_VERSION = 5.0;
				TARGETED_DEVICE_FAMILY = "1,2";
			};
			name = Debug;
		};
		092ACB6E28AE71DA003E748E /* Release */ = {
			isa = XCBuildConfiguration;
			buildSettings = {
				ASSETCATALOG_COMPILER_APPICON_NAME = AppIcon;
				ASSETCATALOG_COMPILER_GLOBAL_ACCENT_COLOR_NAME = AccentColor;
				CODE_SIGN_STYLE = Automatic;
				CURRENT_PROJECT_VERSION = 1;
				DEVELOPMENT_ASSET_PATHS = "\"ShinkansenSpeedApp/Source/Preview Content\"";
				DEVELOPMENT_TEAM = J8NG2572RV;
				ENABLE_PREVIEWS = YES;
				GENERATE_INFOPLIST_FILE = YES;
				INFOPLIST_FILE = ShinkansenSpeedApp/Info.plist;
				INFOPLIST_KEY_NSLocationAlwaysAndWhenInUseUsageDescription = location;
				INFOPLIST_KEY_NSLocationWhenInUseUsageDescription = "";
				INFOPLIST_KEY_UIApplicationSceneManifest_Generation = YES;
				INFOPLIST_KEY_UIApplicationSupportsIndirectInputEvents = YES;
				INFOPLIST_KEY_UILaunchScreen_Generation = YES;
				INFOPLIST_KEY_UISupportedInterfaceOrientations_iPad = "UIInterfaceOrientationPortrait UIInterfaceOrientationPortraitUpsideDown UIInterfaceOrientationLandscapeLeft UIInterfaceOrientationLandscapeRight";
				INFOPLIST_KEY_UISupportedInterfaceOrientations_iPhone = "UIInterfaceOrientationPortrait UIInterfaceOrientationLandscapeLeft UIInterfaceOrientationLandscapeRight";
				INFOPLIST_KEY_UIUserInterfaceStyle = Light;
				LD_RUNPATH_SEARCH_PATHS = (
					"$(inherited)",
					"@executable_path/Frameworks",
				);
				MARKETING_VERSION = 1.0;
				PRODUCT_BUNDLE_IDENTIFIER = com.yuutarou.ShinkansenSpeedApp;
				PRODUCT_NAME = "$(TARGET_NAME)";
				SWIFT_EMIT_LOC_STRINGS = YES;
				SWIFT_VERSION = 5.0;
				TARGETED_DEVICE_FAMILY = "1,2";
			};
			name = Release;
		};
/* End XCBuildConfiguration section */

/* Begin XCConfigurationList section */
		092ACB5928AE71D9003E748E /* Build configuration list for PBXProject "ShinkansenSpeedApp" */ = {
			isa = XCConfigurationList;
			buildConfigurations = (
				092ACB6A28AE71DA003E748E /* Debug */,
				092ACB6B28AE71DA003E748E /* Release */,
			);
			defaultConfigurationIsVisible = 0;
			defaultConfigurationName = Release;
		};
		092ACB6C28AE71DA003E748E /* Build configuration list for PBXNativeTarget "ShinkansenSpeedApp" */ = {
			isa = XCConfigurationList;
			buildConfigurations = (
				092ACB6D28AE71DA003E748E /* Debug */,
				092ACB6E28AE71DA003E748E /* Release */,
			);
			defaultConfigurationIsVisible = 0;
			defaultConfigurationName = Release;
		};
/* End XCConfigurationList section */
	};
	rootObject = 092ACB5628AE71D9003E748E /* Project object */;
}
